// !$*UTF8*$!
{
	archiveVersion = 1;
	classes = {
	};
	objectVersion = 50;
	objects = {

/* Begin PBXBuildFile section */
		9BC9091D223A8F6C0070D6B9 /* AppDelegate.swift in Sources */ = {isa = PBXBuildFile; fileRef = 9BC9091C223A8F6C0070D6B9 /* AppDelegate.swift */; };
		9BC9091F223A8F6C0070D6B9 /* ViewController.swift in Sources */ = {isa = PBXBuildFile; fileRef = 9BC9091E223A8F6C0070D6B9 /* ViewController.swift */; };
		9BC90922223A8F6C0070D6B9 /* Main.storyboard in Resources */ = {isa = PBXBuildFile; fileRef = 9BC90920223A8F6C0070D6B9 /* Main.storyboard */; };
		9BC90924223A8F750070D6B9 /* Assets.xcassets in Resources */ = {isa = PBXBuildFile; fileRef = 9BC90923223A8F750070D6B9 /* Assets.xcassets */; };
		9BC90927223A8F750070D6B9 /* LaunchScreen.storyboard in Resources */ = {isa = PBXBuildFile; fileRef = 9BC90925223A8F750070D6B9 /* LaunchScreen.storyboard */; };
		9BC9092C223A8F750070D6B9 /* gameTestFinal WatchKit App.app in Embed Watch Content */ = {isa = PBXBuildFile; fileRef = 9BC9092B223A8F750070D6B9 /* gameTestFinal WatchKit App.app */; };
		9BC90932223A8F750070D6B9 /* Interface.storyboard in Resources */ = {isa = PBXBuildFile; fileRef = 9BC90930223A8F750070D6B9 /* Interface.storyboard */; };
		9BC90934223A8F750070D6B9 /* Assets.xcassets in Resources */ = {isa = PBXBuildFile; fileRef = 9BC90933223A8F750070D6B9 /* Assets.xcassets */; };
		9BC9093B223A8F750070D6B9 /* gameTestFinal WatchKit Extension.appex in Embed App Extensions */ = {isa = PBXBuildFile; fileRef = 9BC9093A223A8F750070D6B9 /* gameTestFinal WatchKit Extension.appex */; settings = {ATTRIBUTES = (RemoveHeadersOnCopy, ); }; };
		9BC90940223A8F750070D6B9 /* InterfaceController.swift in Sources */ = {isa = PBXBuildFile; fileRef = 9BC9093F223A8F750070D6B9 /* InterfaceController.swift */; };
		9BC90942223A8F750070D6B9 /* ExtensionDelegate.swift in Sources */ = {isa = PBXBuildFile; fileRef = 9BC90941223A8F750070D6B9 /* ExtensionDelegate.swift */; };
		9BC90944223A8F760070D6B9 /* Assets.xcassets in Resources */ = {isa = PBXBuildFile; fileRef = 9BC90943223A8F760070D6B9 /* Assets.xcassets */; };
		9BC90954223A9DBD0070D6B9 /* ChooseDifficultyInterfaceController.swift in Sources */ = {isa = PBXBuildFile; fileRef = 9BC90953223A9DBD0070D6B9 /* ChooseDifficultyInterfaceController.swift */; };
		9BC90956223AA0580070D6B9 /* GameInterfaceController.swift in Sources */ = {isa = PBXBuildFile; fileRef = 9BC90955223AA0580070D6B9 /* GameInterfaceController.swift */; };
/* End PBXBuildFile section */

/* Begin PBXContainerItemProxy section */
		9BC9092D223A8F750070D6B9 /* PBXContainerItemProxy */ = {
			isa = PBXContainerItemProxy;
			containerPortal = 9BC90911223A8F6C0070D6B9 /* Project object */;
			proxyType = 1;
			remoteGlobalIDString = 9BC9092A223A8F750070D6B9;
			remoteInfo = "gameTestFinal WatchKit App";
		};
		9BC9093C223A8F750070D6B9 /* PBXContainerItemProxy */ = {
			isa = PBXContainerItemProxy;
			containerPortal = 9BC90911223A8F6C0070D6B9 /* Project object */;
			proxyType = 1;
			remoteGlobalIDString = 9BC90939223A8F750070D6B9;
			remoteInfo = "gameTestFinal WatchKit Extension";
		};
/* End PBXContainerItemProxy section */

/* Begin PBXCopyFilesBuildPhase section */
		9BC9094B223A8F760070D6B9 /* Embed App Extensions */ = {
			isa = PBXCopyFilesBuildPhase;
			buildActionMask = 2147483647;
			dstPath = "";
			dstSubfolderSpec = 13;
			files = (
				9BC9093B223A8F750070D6B9 /* gameTestFinal WatchKit Extension.appex in Embed App Extensions */,
			);
			name = "Embed App Extensions";
			runOnlyForDeploymentPostprocessing = 0;
		};
		9BC9094F223A8F760070D6B9 /* Embed Watch Content */ = {
			isa = PBXCopyFilesBuildPhase;
			buildActionMask = 2147483647;
			dstPath = "$(CONTENTS_FOLDER_PATH)/Watch";
			dstSubfolderSpec = 16;
			files = (
				9BC9092C223A8F750070D6B9 /* gameTestFinal WatchKit App.app in Embed Watch Content */,
			);
			name = "Embed Watch Content";
			runOnlyForDeploymentPostprocessing = 0;
		};
/* End PBXCopyFilesBuildPhase section */

/* Begin PBXFileReference section */
		9BC90919223A8F6C0070D6B9 /* gameTestFinal.app */ = {isa = PBXFileReference; explicitFileType = wrapper.application; includeInIndex = 0; path = gameTestFinal.app; sourceTree = BUILT_PRODUCTS_DIR; };
		9BC9091C223A8F6C0070D6B9 /* AppDelegate.swift */ = {isa = PBXFileReference; lastKnownFileType = sourcecode.swift; path = AppDelegate.swift; sourceTree = "<group>"; };
		9BC9091E223A8F6C0070D6B9 /* ViewController.swift */ = {isa = PBXFileReference; lastKnownFileType = sourcecode.swift; path = ViewController.swift; sourceTree = "<group>"; };
		9BC90921223A8F6C0070D6B9 /* Base */ = {isa = PBXFileReference; lastKnownFileType = file.storyboard; name = Base; path = Base.lproj/Main.storyboard; sourceTree = "<group>"; };
		9BC90923223A8F750070D6B9 /* Assets.xcassets */ = {isa = PBXFileReference; lastKnownFileType = folder.assetcatalog; path = Assets.xcassets; sourceTree = "<group>"; };
		9BC90926223A8F750070D6B9 /* Base */ = {isa = PBXFileReference; lastKnownFileType = file.storyboard; name = Base; path = Base.lproj/LaunchScreen.storyboard; sourceTree = "<group>"; };
		9BC90928223A8F750070D6B9 /* Info.plist */ = {isa = PBXFileReference; lastKnownFileType = text.plist.xml; path = Info.plist; sourceTree = "<group>"; };
		9BC9092B223A8F750070D6B9 /* gameTestFinal WatchKit App.app */ = {isa = PBXFileReference; explicitFileType = wrapper.application; includeInIndex = 0; path = "gameTestFinal WatchKit App.app"; sourceTree = BUILT_PRODUCTS_DIR; };
		9BC90931223A8F750070D6B9 /* Base */ = {isa = PBXFileReference; lastKnownFileType = file.storyboard; name = Base; path = Base.lproj/Interface.storyboard; sourceTree = "<group>"; };
		9BC90933223A8F750070D6B9 /* Assets.xcassets */ = {isa = PBXFileReference; lastKnownFileType = folder.assetcatalog; path = Assets.xcassets; sourceTree = "<group>"; };
		9BC90935223A8F750070D6B9 /* Info.plist */ = {isa = PBXFileReference; lastKnownFileType = text.plist.xml; path = Info.plist; sourceTree = "<group>"; };
		9BC9093A223A8F750070D6B9 /* gameTestFinal WatchKit Extension.appex */ = {isa = PBXFileReference; explicitFileType = "wrapper.app-extension"; includeInIndex = 0; path = "gameTestFinal WatchKit Extension.appex"; sourceTree = BUILT_PRODUCTS_DIR; };
		9BC9093F223A8F750070D6B9 /* InterfaceController.swift */ = {isa = PBXFileReference; lastKnownFileType = sourcecode.swift; path = InterfaceController.swift; sourceTree = "<group>"; };
		9BC90941223A8F750070D6B9 /* ExtensionDelegate.swift */ = {isa = PBXFileReference; lastKnownFileType = sourcecode.swift; path = ExtensionDelegate.swift; sourceTree = "<group>"; };
		9BC90943223A8F760070D6B9 /* Assets.xcassets */ = {isa = PBXFileReference; lastKnownFileType = folder.assetcatalog; path = Assets.xcassets; sourceTree = "<group>"; };
		9BC90945223A8F760070D6B9 /* Info.plist */ = {isa = PBXFileReference; lastKnownFileType = text.plist.xml; path = Info.plist; sourceTree = "<group>"; };
		9BC90953223A9DBD0070D6B9 /* ChooseDifficultyInterfaceController.swift */ = {isa = PBXFileReference; lastKnownFileType = sourcecode.swift; path = ChooseDifficultyInterfaceController.swift; sourceTree = "<group>"; };
		9BC90955223AA0580070D6B9 /* GameInterfaceController.swift */ = {isa = PBXFileReference; lastKnownFileType = sourcecode.swift; path = GameInterfaceController.swift; sourceTree = "<group>"; };
/* End PBXFileReference section */

/* Begin PBXFrameworksBuildPhase section */
		9BC90916223A8F6C0070D6B9 /* Frameworks */ = {
			isa = PBXFrameworksBuildPhase;
			buildActionMask = 2147483647;
			files = (
			);
			runOnlyForDeploymentPostprocessing = 0;
		};
		9BC90937223A8F750070D6B9 /* Frameworks */ = {
			isa = PBXFrameworksBuildPhase;
			buildActionMask = 2147483647;
			files = (
			);
			runOnlyForDeploymentPostprocessing = 0;
		};
/* End PBXFrameworksBuildPhase section */

/* Begin PBXGroup section */
		9BC90910223A8F6C0070D6B9 = {
			isa = PBXGroup;
			children = (
				9BC9091B223A8F6C0070D6B9 /* gameTestFinal */,
				9BC9092F223A8F750070D6B9 /* gameTestFinal WatchKit App */,
				9BC9093E223A8F750070D6B9 /* gameTestFinal WatchKit Extension */,
				9BC9091A223A8F6C0070D6B9 /* Products */,
			);
			sourceTree = "<group>";
		};
		9BC9091A223A8F6C0070D6B9 /* Products */ = {
			isa = PBXGroup;
			children = (
				9BC90919223A8F6C0070D6B9 /* gameTestFinal.app */,
				9BC9092B223A8F750070D6B9 /* gameTestFinal WatchKit App.app */,
				9BC9093A223A8F750070D6B9 /* gameTestFinal WatchKit Extension.appex */,
			);
			name = Products;
			sourceTree = "<group>";
		};
		9BC9091B223A8F6C0070D6B9 /* gameTestFinal */ = {
			isa = PBXGroup;
			children = (
				9BC9091C223A8F6C0070D6B9 /* AppDelegate.swift */,
				9BC9091E223A8F6C0070D6B9 /* ViewController.swift */,
				9BC90920223A8F6C0070D6B9 /* Main.storyboard */,
				9BC90923223A8F750070D6B9 /* Assets.xcassets */,
				9BC90925223A8F750070D6B9 /* LaunchScreen.storyboard */,
				9BC90928223A8F750070D6B9 /* Info.plist */,
			);
			path = gameTestFinal;
			sourceTree = "<group>";
		};
		9BC9092F223A8F750070D6B9 /* gameTestFinal WatchKit App */ = {
			isa = PBXGroup;
			children = (
				9BC90930223A8F750070D6B9 /* Interface.storyboard */,
				9BC90933223A8F750070D6B9 /* Assets.xcassets */,
				9BC90935223A8F750070D6B9 /* Info.plist */,
			);
			path = "gameTestFinal WatchKit App";
			sourceTree = "<group>";
		};
		9BC9093E223A8F750070D6B9 /* gameTestFinal WatchKit Extension */ = {
			isa = PBXGroup;
			children = (
				9BC9093F223A8F750070D6B9 /* InterfaceController.swift */,
				9BC90941223A8F750070D6B9 /* ExtensionDelegate.swift */,
				9BC90943223A8F760070D6B9 /* Assets.xcassets */,
				9BC90945223A8F760070D6B9 /* Info.plist */,
				9BC90953223A9DBD0070D6B9 /* ChooseDifficultyInterfaceController.swift */,
				9BC90955223AA0580070D6B9 /* GameInterfaceController.swift */,
			);
			path = "gameTestFinal WatchKit Extension";
			sourceTree = "<group>";
		};
/* End PBXGroup section */

/* Begin PBXNativeTarget section */
		9BC90918223A8F6C0070D6B9 /* gameTestFinal */ = {
			isa = PBXNativeTarget;
			buildConfigurationList = 9BC90950223A8F760070D6B9 /* Build configuration list for PBXNativeTarget "gameTestFinal" */;
			buildPhases = (
				9BC90915223A8F6C0070D6B9 /* Sources */,
				9BC90916223A8F6C0070D6B9 /* Frameworks */,
				9BC90917223A8F6C0070D6B9 /* Resources */,
				9BC9094F223A8F760070D6B9 /* Embed Watch Content */,
			);
			buildRules = (
			);
			dependencies = (
				9BC9092E223A8F750070D6B9 /* PBXTargetDependency */,
			);
			name = gameTestFinal;
			productName = gameTestFinal;
			productReference = 9BC90919223A8F6C0070D6B9 /* gameTestFinal.app */;
			productType = "com.apple.product-type.application";
		};
		9BC9092A223A8F750070D6B9 /* gameTestFinal WatchKit App */ = {
			isa = PBXNativeTarget;
			buildConfigurationList = 9BC9094C223A8F760070D6B9 /* Build configuration list for PBXNativeTarget "gameTestFinal WatchKit App" */;
			buildPhases = (
				9BC90929223A8F750070D6B9 /* Resources */,
				9BC9094B223A8F760070D6B9 /* Embed App Extensions */,
			);
			buildRules = (
			);
			dependencies = (
				9BC9093D223A8F750070D6B9 /* PBXTargetDependency */,
			);
			name = "gameTestFinal WatchKit App";
			productName = "gameTestFinal WatchKit App";
			productReference = 9BC9092B223A8F750070D6B9 /* gameTestFinal WatchKit App.app */;
			productType = "com.apple.product-type.application.watchapp2";
		};
		9BC90939223A8F750070D6B9 /* gameTestFinal WatchKit Extension */ = {
			isa = PBXNativeTarget;
			buildConfigurationList = 9BC90948223A8F760070D6B9 /* Build configuration list for PBXNativeTarget "gameTestFinal WatchKit Extension" */;
			buildPhases = (
				9BC90936223A8F750070D6B9 /* Sources */,
				9BC90937223A8F750070D6B9 /* Frameworks */,
				9BC90938223A8F750070D6B9 /* Resources */,
			);
			buildRules = (
			);
			dependencies = (
			);
			name = "gameTestFinal WatchKit Extension";
			productName = "gameTestFinal WatchKit Extension";
			productReference = 9BC9093A223A8F750070D6B9 /* gameTestFinal WatchKit Extension.appex */;
			productType = "com.apple.product-type.watchkit2-extension";
		};
/* End PBXNativeTarget section */

/* Begin PBXProject section */
		9BC90911223A8F6C0070D6B9 /* Project object */ = {
			isa = PBXProject;
			attributes = {
				LastSwiftUpdateCheck = 1010;
				LastUpgradeCheck = 1010;
				ORGANIZATIONNAME = MacStudent;
				TargetAttributes = {
					9BC90918223A8F6C0070D6B9 = {
						CreatedOnToolsVersion = 10.1;
					};
					9BC9092A223A8F750070D6B9 = {
						CreatedOnToolsVersion = 10.1;
					};
					9BC90939223A8F750070D6B9 = {
						CreatedOnToolsVersion = 10.1;
					};
				};
			};
			buildConfigurationList = 9BC90914223A8F6C0070D6B9 /* Build configuration list for PBXProject "gameTestFinal" */;
			compatibilityVersion = "Xcode 9.3";
			developmentRegion = en;
			hasScannedForEncodings = 0;
			knownRegions = (
				en,
				Base,
			);
			mainGroup = 9BC90910223A8F6C0070D6B9;
			productRefGroup = 9BC9091A223A8F6C0070D6B9 /* Products */;
			projectDirPath = "";
			projectRoot = "";
			targets = (
				9BC90918223A8F6C0070D6B9 /* gameTestFinal */,
				9BC9092A223A8F750070D6B9 /* gameTestFinal WatchKit App */,
				9BC90939223A8F750070D6B9 /* gameTestFinal WatchKit Extension */,
			);
		};
/* End PBXProject section */

/* Begin PBXResourcesBuildPhase section */
		9BC90917223A8F6C0070D6B9 /* Resources */ = {
			isa = PBXResourcesBuildPhase;
			buildActionMask = 2147483647;
			files = (
				9BC90927223A8F750070D6B9 /* LaunchScreen.storyboard in Resources */,
				9BC90924223A8F750070D6B9 /* Assets.xcassets in Resources */,
				9BC90922223A8F6C0070D6B9 /* Main.storyboard in Resources */,
			);
			runOnlyForDeploymentPostprocessing = 0;
		};
		9BC90929223A8F750070D6B9 /* Resources */ = {
			isa = PBXResourcesBuildPhase;
			buildActionMask = 2147483647;
			files = (
				9BC90934223A8F750070D6B9 /* Assets.xcassets in Resources */,
				9BC90932223A8F750070D6B9 /* Interface.storyboard in Resources */,
			);
			runOnlyForDeploymentPostprocessing = 0;
		};
		9BC90938223A8F750070D6B9 /* Resources */ = {
			isa = PBXResourcesBuildPhase;
			buildActionMask = 2147483647;
			files = (
				9BC90944223A8F760070D6B9 /* Assets.xcassets in Resources */,
			);
			runOnlyForDeploymentPostprocessing = 0;
		};
/* End PBXResourcesBuildPhase section */

/* Begin PBXSourcesBuildPhase section */
		9BC90915223A8F6C0070D6B9 /* Sources */ = {
			isa = PBXSourcesBuildPhase;
			buildActionMask = 2147483647;
			files = (
				9BC9091F223A8F6C0070D6B9 /* ViewController.swift in Sources */,
				9BC9091D223A8F6C0070D6B9 /* AppDelegate.swift in Sources */,
			);
			runOnlyForDeploymentPostprocessing = 0;
		};
		9BC90936223A8F750070D6B9 /* Sources */ = {
			isa = PBXSourcesBuildPhase;
			buildActionMask = 2147483647;
			files = (
				9BC90942223A8F750070D6B9 /* ExtensionDelegate.swift in Sources */,
				9BC90940223A8F750070D6B9 /* InterfaceController.swift in Sources */,
				9BC90954223A9DBD0070D6B9 /* ChooseDifficultyInterfaceController.swift in Sources */,
				9BC90956223AA0580070D6B9 /* GameInterfaceController.swift in Sources */,
			);
			runOnlyForDeploymentPostprocessing = 0;
		};
/* End PBXSourcesBuildPhase section */

/* Begin PBXTargetDependency section */
		9BC9092E223A8F750070D6B9 /* PBXTargetDependency */ = {
			isa = PBXTargetDependency;
			target = 9BC9092A223A8F750070D6B9 /* gameTestFinal WatchKit App */;
			targetProxy = 9BC9092D223A8F750070D6B9 /* PBXContainerItemProxy */;
		};
		9BC9093D223A8F750070D6B9 /* PBXTargetDependency */ = {
			isa = PBXTargetDependency;
			target = 9BC90939223A8F750070D6B9 /* gameTestFinal WatchKit Extension */;
			targetProxy = 9BC9093C223A8F750070D6B9 /* PBXContainerItemProxy */;
		};
/* End PBXTargetDependency section */

/* Begin PBXVariantGroup section */
		9BC90920223A8F6C0070D6B9 /* Main.storyboard */ = {
			isa = PBXVariantGroup;
			children = (
				9BC90921223A8F6C0070D6B9 /* Base */,
			);
			name = Main.storyboard;
			sourceTree = "<group>";
		};
		9BC90925223A8F750070D6B9 /* LaunchScreen.storyboard */ = {
			isa = PBXVariantGroup;
			children = (
				9BC90926223A8F750070D6B9 /* Base */,
			);
			name = LaunchScreen.storyboard;
			sourceTree = "<group>";
		};
		9BC90930223A8F750070D6B9 /* Interface.storyboard */ = {
			isa = PBXVariantGroup;
			children = (
				9BC90931223A8F750070D6B9 /* Base */,
			);
			name = Interface.storyboard;
			sourceTree = "<group>";
		};
/* End PBXVariantGroup section */

/* Begin XCBuildConfiguration section */
		9BC90946223A8F760070D6B9 /* Debug */ = {
			isa = XCBuildConfiguration;
			buildSettings = {
				ALWAYS_SEARCH_USER_PATHS = NO;
				CLANG_ANALYZER_NONNULL = YES;
				CLANG_ANALYZER_NUMBER_OBJECT_CONVERSION = YES_AGGRESSIVE;
				CLANG_CXX_LANGUAGE_STANDARD = "gnu++14";
				CLANG_CXX_LIBRARY = "libc++";
				CLANG_ENABLE_MODULES = YES;
				CLANG_ENABLE_OBJC_ARC = YES;
				CLANG_ENABLE_OBJC_WEAK = YES;
				CLANG_WARN_BLOCK_CAPTURE_AUTORELEASING = YES;
				CLANG_WARN_BOOL_CONVERSION = YES;
				CLANG_WARN_COMMA = YES;
				CLANG_WARN_CONSTANT_CONVERSION = YES;
				CLANG_WARN_DEPRECATED_OBJC_IMPLEMENTATIONS = YES;
				CLANG_WARN_DIRECT_OBJC_ISA_USAGE = YES_ERROR;
				CLANG_WARN_DOCUMENTATION_COMMENTS = YES;
				CLANG_WARN_EMPTY_BODY = YES;
				CLANG_WARN_ENUM_CONVERSION = YES;
				CLANG_WARN_INFINITE_RECURSION = YES;
				CLANG_WARN_INT_CONVERSION = YES;
				CLANG_WARN_NON_LITERAL_NULL_CONVERSION = YES;
				CLANG_WARN_OBJC_IMPLICIT_RETAIN_SELF = YES;
				CLANG_WARN_OBJC_LITERAL_CONVERSION = YES;
				CLANG_WARN_OBJC_ROOT_CLASS = YES_ERROR;
				CLANG_WARN_RANGE_LOOP_ANALYSIS = YES;
				CLANG_WARN_STRICT_PROTOTYPES = YES;
				CLANG_WARN_SUSPICIOUS_MOVE = YES;
				CLANG_WARN_UNGUARDED_AVAILABILITY = YES_AGGRESSIVE;
				CLANG_WARN_UNREACHABLE_CODE = YES;
				CLANG_WARN__DUPLICATE_METHOD_MATCH = YES;
				CODE_SIGN_IDENTITY = "iPhone Developer";
				COPY_PHASE_STRIP = NO;
				DEBUG_INFORMATION_FORMAT = dwarf;
				ENABLE_STRICT_OBJC_MSGSEND = YES;
				ENABLE_TESTABILITY = YES;
				GCC_C_LANGUAGE_STANDARD = gnu11;
				GCC_DYNAMIC_NO_PIC = NO;
				GCC_NO_COMMON_BLOCKS = YES;
				GCC_OPTIMIZATION_LEVEL = 0;
				GCC_PREPROCESSOR_DEFINITIONS = (
					"DEBUG=1",
					"$(inherited)",
				);
				GCC_WARN_64_TO_32_BIT_CONVERSION = YES;
				GCC_WARN_ABOUT_RETURN_TYPE = YES_ERROR;
				GCC_WARN_UNDECLARED_SELECTOR = YES;
				GCC_WARN_UNINITIALIZED_AUTOS = YES_AGGRESSIVE;
				GCC_WARN_UNUSED_FUNCTION = YES;
				GCC_WARN_UNUSED_VARIABLE = YES;
				IPHONEOS_DEPLOYMENT_TARGET = 12.1;
				MTL_ENABLE_DEBUG_INFO = INCLUDE_SOURCE;
				MTL_FAST_MATH = YES;
				ONLY_ACTIVE_ARCH = YES;
				SDKROOT = iphoneos;
				SWIFT_ACTIVE_COMPILATION_CONDITIONS = DEBUG;
				SWIFT_OPTIMIZATION_LEVEL = "-Onone";
			};
			name = Debug;
		};
		9BC90947223A8F760070D6B9 /* Release */ = {
			isa = XCBuildConfiguration;
			buildSettings = {
				ALWAYS_SEARCH_USER_PATHS = NO;
				CLANG_ANALYZER_NONNULL = YES;
				CLANG_ANALYZER_NUMBER_OBJECT_CONVERSION = YES_AGGRESSIVE;
				CLANG_CXX_LANGUAGE_STANDARD = "gnu++14";
				CLANG_CXX_LIBRARY = "libc++";
				CLANG_ENABLE_MODULES = YES;
				CLANG_ENABLE_OBJC_ARC = YES;
				CLANG_ENABLE_OBJC_WEAK = YES;
				CLANG_WARN_BLOCK_CAPTURE_AUTORELEASING = YES;
				CLANG_WARN_BOOL_CONVERSION = YES;
				CLANG_WARN_COMMA = YES;
				CLANG_WARN_CONSTANT_CONVERSION = YES;
				CLANG_WARN_DEPRECATED_OBJC_IMPLEMENTATIONS = YES;
				CLANG_WARN_DIRECT_OBJC_ISA_USAGE = YES_ERROR;
				CLANG_WARN_DOCUMENTATION_COMMENTS = YES;
				CLANG_WARN_EMPTY_BODY = YES;
				CLANG_WARN_ENUM_CONVERSION = YES;
				CLANG_WARN_INFINITE_RECURSION = YES;
				CLANG_WARN_INT_CONVERSION = YES;
				CLANG_WARN_NON_LITERAL_NULL_CONVERSION = YES;
				CLANG_WARN_OBJC_IMPLICIT_RETAIN_SELF = YES;
				CLANG_WARN_OBJC_LITERAL_CONVERSION = YES;
				CLANG_WARN_OBJC_ROOT_CLASS = YES_ERROR;
				CLANG_WARN_RANGE_LOOP_ANALYSIS = YES;
				CLANG_WARN_STRICT_PROTOTYPES = YES;
				CLANG_WARN_SUSPICIOUS_MOVE = YES;
				CLANG_WARN_UNGUARDED_AVAILABILITY = YES_AGGRESSIVE;
				CLANG_WARN_UNREACHABLE_CODE = YES;
				CLANG_WARN__DUPLICATE_METHOD_MATCH = YES;
				CODE_SIGN_IDENTITY = "iPhone Developer";
				COPY_PHASE_STRIP = NO;
				DEBUG_INFORMATION_FORMAT = "dwarf-with-dsym";
				ENABLE_NS_ASSERTIONS = NO;
				ENABLE_STRICT_OBJC_MSGSEND = YES;
				GCC_C_LANGUAGE_STANDARD = gnu11;
				GCC_NO_COMMON_BLOCKS = YES;
				GCC_WARN_64_TO_32_BIT_CONVERSION = YES;
				GCC_WARN_ABOUT_RETURN_TYPE = YES_ERROR;
				GCC_WARN_UNDECLARED_SELECTOR = YES;
				GCC_WARN_UNINITIALIZED_AUTOS = YES_AGGRESSIVE;
				GCC_WARN_UNUSED_FUNCTION = YES;
				GCC_WARN_UNUSED_VARIABLE = YES;
				IPHONEOS_DEPLOYMENT_TARGET = 12.1;
				MTL_ENABLE_DEBUG_INFO = NO;
				MTL_FAST_MATH = YES;
				SDKROOT = iphoneos;
				SWIFT_COMPILATION_MODE = wholemodule;
				SWIFT_OPTIMIZATION_LEVEL = "-O";
				VALIDATE_PRODUCT = YES;
			};
			name = Release;
		};
		9BC90949223A8F760070D6B9 /* Debug */ = {
			isa = XCBuildConfiguration;
			buildSettings = {
				ASSETCATALOG_COMPILER_COMPLICATION_NAME = Complication;
				CODE_SIGN_STYLE = Automatic;
				INFOPLIST_FILE = "gameTestFinal WatchKit Extension/Info.plist";
				LD_RUNPATH_SEARCH_PATHS = (
					"$(inherited)",
					"@executable_path/Frameworks",
					"@executable_path/../../Frameworks",
				);
				PRODUCT_BUNDLE_IDENTIFIER = CestarCollege.gameTestFinal.watchkitapp.watchkitextension;
				PRODUCT_NAME = "${TARGET_NAME}";
				SDKROOT = watchos;
				SKIP_INSTALL = YES;
				SWIFT_VERSION = 4.2;
				TARGETED_DEVICE_FAMILY = 4;
				WATCHOS_DEPLOYMENT_TARGET = 5.1;
			};
			name = Debug;
		};
		9BC9094A223A8F760070D6B9 /* Release */ = {
			isa = XCBuildConfiguration;
			buildSettings = {
				ASSETCATALOG_COMPILER_COMPLICATION_NAME = Complication;
				CODE_SIGN_STYLE = Automatic;
				INFOPLIST_FILE = "gameTestFinal WatchKit Extension/Info.plist";
				LD_RUNPATH_SEARCH_PATHS = (
					"$(inherited)",
					"@executable_path/Frameworks",
					"@executable_path/../../Frameworks",
				);
				PRODUCT_BUNDLE_IDENTIFIER = CestarCollege.gameTestFinal.watchkitapp.watchkitextension;
				PRODUCT_NAME = "${TARGET_NAME}";
				SDKROOT = watchos;
				SKIP_INSTALL = YES;
				SWIFT_VERSION = 4.2;
				TARGETED_DEVICE_FAMILY = 4;
				WATCHOS_DEPLOYMENT_TARGET = 5.1;
			};
			name = Release;
		};
		9BC9094D223A8F760070D6B9 /* Debug */ = {
			isa = XCBuildConfiguration;
			buildSettings = {
				ALWAYS_EMBED_SWIFT_STANDARD_LIBRARIES = YES;
				ASSETCATALOG_COMPILER_APPICON_NAME = AppIcon;
				CODE_SIGN_STYLE = Automatic;
				IBSC_MODULE = gameTestFinal_WatchKit_Extension;
				INFOPLIST_FILE = "gameTestFinal WatchKit App/Info.plist";
				PRODUCT_BUNDLE_IDENTIFIER = CestarCollege.gameTestFinal.watchkitapp;
				PRODUCT_NAME = "$(TARGET_NAME)";
				SDKROOT = watchos;
				SKIP_INSTALL = YES;
				SWIFT_VERSION = 4.2;
				TARGETED_DEVICE_FAMILY = 4;
				WATCHOS_DEPLOYMENT_TARGET = 5.1;
			};
			name = Debug;
		};
		9BC9094E223A8F760070D6B9 /* Release */ = {
			isa = XCBuildConfiguration;
			buildSettings = {
				ALWAYS_EMBED_SWIFT_STANDARD_LIBRARIES = YES;
				ASSETCATALOG_COMPILER_APPICON_NAME = AppIcon;
				CODE_SIGN_STYLE = Automatic;
				IBSC_MODULE = gameTestFinal_WatchKit_Extension;
				INFOPLIST_FILE = "gameTestFinal WatchKit App/Info.plist";
				PRODUCT_BUNDLE_IDENTIFIER = CestarCollege.gameTestFinal.watchkitapp;
				PRODUCT_NAME = "$(TARGET_NAME)";
				SDKROOT = watchos;
				SKIP_INSTALL = YES;
				SWIFT_VERSION = 4.2;
				TARGETED_DEVICE_FAMILY = 4;
				WATCHOS_DEPLOYMENT_TARGET = 5.1;
			};
			name = Release;
		};
		9BC90951223A8F760070D6B9 /* Debug */ = {
			isa = XCBuildConfiguration;
			buildSettings = {
				ASSETCATALOG_COMPILER_APPICON_NAME = AppIcon;
				CODE_SIGN_STYLE = Automatic;
				INFOPLIST_FILE = gameTestFinal/Info.plist;
				LD_RUNPATH_SEARCH_PATHS = (
					"$(inherited)",
					"@executable_path/Frameworks",
				);
				PRODUCT_BUNDLE_IDENTIFIER = CestarCollege.gameTestFinal;
				PRODUCT_NAME = "$(TARGET_NAME)";
				SWIFT_VERSION = 4.2;
				TARGETED_DEVICE_FAMILY = "1,2";
			};
			name = Debug;
		};
		9BC90952223A8F760070D6B9 /* Release */ = {
			isa = XCBuildConfiguration;
			buildSettings = {
				ASSETCATALOG_COMPILER_APPICON_NAME = AppIcon;
				CODE_SIGN_STYLE = Automatic;
				INFOPLIST_FILE = gameTestFinal/Info.plist;
				LD_RUNPATH_SEARCH_PATHS = (
					"$(inherited)",
					"@executable_path/Frameworks",
				);
				PRODUCT_BUNDLE_IDENTIFIER = CestarCollege.gameTestFinal;
				PRODUCT_NAME = "$(TARGET_NAME)";
				SWIFT_VERSION = 4.2;
				TARGETED_DEVICE_FAMILY = "1,2";
			};
			name = Release;
		};
/* End XCBuildConfiguration section */

/* Begin XCConfigurationList section */
		9BC90914223A8F6C0070D6B9 /* Build configuration list for PBXProject "gameTestFinal" */ = {
			isa = XCConfigurationList;
			buildConfigurations = (
				9BC90946223A8F760070D6B9 /* Debug */,
				9BC90947223A8F760070D6B9 /* Release */,
			);
			defaultConfigurationIsVisible = 0;
			defaultConfigurationName = Release;
		};
		9BC90948223A8F760070D6B9 /* Build configuration list for PBXNativeTarget "gameTestFinal WatchKit Extension" */ = {
			isa = XCConfigurationList;
			buildConfigurations = (
				9BC90949223A8F760070D6B9 /* Debug */,
				9BC9094A223A8F760070D6B9 /* Release */,
			);
			defaultConfigurationIsVisible = 0;
			defaultConfigurationName = Release;
		};
		9BC9094C223A8F760070D6B9 /* Build configuration list for PBXNativeTarget "gameTestFinal WatchKit App" */ = {
			isa = XCConfigurationList;
			buildConfigurations = (
				9BC9094D223A8F760070D6B9 /* Debug */,
				9BC9094E223A8F760070D6B9 /* Release */,
			);
			defaultConfigurationIsVisible = 0;
			defaultConfigurationName = Release;
		};
		9BC90950223A8F760070D6B9 /* Build configuration list for PBXNativeTarget "gameTestFinal" */ = {
			isa = XCConfigurationList;
			buildConfigurations = (
				9BC90951223A8F760070D6B9 /* Debug */,
				9BC90952223A8F760070D6B9 /* Release */,
			);
			defaultConfigurationIsVisible = 0;
			defaultConfigurationName = Release;
		};
/* End XCConfigurationList section */
	};
	rootObject = 9BC90911223A8F6C0070D6B9 /* Project object */;
}
